{
  "lockfile-version": 1,
  "manifest": {
    "schema-version": "1.11.0",
    "install": {
      "bashInteractive": {
        "pkg-path": "bashInteractive"
      },
      "bubblewrap": {
        "pkg-path": "bubblewrap",
        "systems": [
          "x86_64-linux",
          "aarch64-linux"
        ]
      },
      "gcc": {
        "pkg-path": "gcc"
      },
      "libseccomp": {
        "pkg-path": "libseccomp",
        "outputs": [
          "out",
          "lib",
          "dev"
        ]
      },
      "perl": {
        "pkg-path": "perl"
      },
      "pkg-config": {
        "pkg-path": "pkg-config"
      },
      "shellcheck": {
        "pkg-path": "shellcheck"
      }
    },
    "options": {
      "systems": [
        "x86_64-linux",
        "aarch64-linux"
      ]
    },
    "build": {
      "bubblewrap-jail": {
        "command": "  set -euo pipefail\n\n  # Lint the script under shellcheck.  Style severity catches even nits.\n  shellcheck --severity=style --shell=bash src/bubblewrap-jail\n\n  # Compile the seccomp helper that generates the TIOCSTI-blocking BPF blob.\n  # -Wno-missing-field-initializers silences a warning from libseccomp's\n  # SCMP_A1 macro, which intentionally leaves the range-high field zeroed.\n  gcc -O2 -Wall -Wextra -Wno-missing-field-initializers \\\n      -o gen-seccomp src/gen-seccomp.c \\\n      $(pkg-config --cflags --libs libseccomp)\n\n  # Generate the BPF blob.  Refuse to ship an empty or implausibly large one.\n  ./gen-seccomp > tiocsti.bpf\n  bpf_bytes=$(wc -c < tiocsti.bpf)\n  if [ \"$bpf_bytes\" -lt 32 ] || [ \"$bpf_bytes\" -gt 4096 ]; then\n    echo \"gen-seccomp: unexpected BPF size $bpf_bytes\" >&2\n    exit 1\n  fi\n\n  # Generate the human-readable PFC dump (B2).  This is purely for\n  # review/audit — the wrapper doesn't read it at runtime — but shipping\n  # it alongside tiocsti.bpf gives an auditor a one-cat view of what the\n  # filter actually does without needing libseccomp tooling.\n  ./gen-seccomp --pfc > tiocsti.pfc\n  if [ ! -s tiocsti.pfc ]; then\n    echo \"gen-seccomp --pfc produced empty output\" >&2\n    exit 1\n  fi\n\n  # Install artifacts.\n  install -Dm644 tiocsti.bpf         $out/share/bubblewrap-jail/tiocsti.bpf\n  install -Dm644 tiocsti.pfc         $out/share/bubblewrap-jail/tiocsti.pfc\n  install -Dm755 src/bubblewrap-jail $out/bin/bubblewrap-jail\n\n  # Substitute the final BPF path into the installed script.  The | delimiter\n  # avoids escaping the / in the nix store path.\n  sed -i \"s|@BPF_PATH@|$out/share/bubblewrap-jail/tiocsti.bpf|g\" \\\n      $out/bin/bubblewrap-jail\n",
        "runtime-packages": [
          "bubblewrap"
        ],
        "sandbox": "pure",
        "version": "0.3.3",
        "description": "Opinionated bubblewrap wrapper: run/agent subcommands, secure-by-default defaults"
      }
    }
  },
  "packages": [
    {
      "attr_path": "bashInteractive",
      "broken": false,
      "derivation": "/nix/store/8fls0a7akkjr6dkndxyrsrxkbmjdmykm-bash-interactive-5.3p9.drv",
      "description": "GNU Bourne-Again Shell, the de facto standard shell on Linux (for interactive use)",
      "install_id": "bashInteractive",
      "license": "GPL-3.0-or-later",
      "locked_url": "https://github.com/flox/nixpkgs?rev=4c1018dae018162ec878d42fec712642d214fdfa",
      "name": "bash-interactive-5.3p9",
      "pname": "bashInteractive",
      "rev": "4c1018dae018162ec878d42fec712642d214fdfa",
      "rev_count": 977467,
      "rev_date": "2026-04-09T04:48:10Z",
      "scrape_date": "2026-04-11T06:34:58.541231Z",
      "stabilities": [
        "unstable"
      ],
      "unfree": false,
      "version": "5.3p9",
      "outputs_to_install": [
        "man",
        "out",
        "out",
        "out"
      ],
      "outputs": {
        "debug": "/nix/store/zyi5m4r7wma9vvvfzg7r99avh8sxg9m1-bash-interactive-5.3p9-debug",
        "dev": "/nix/store/hkmlf3zy6brfn3xr3magif6c54ln3z4c-bash-interactive-5.3p9-dev",
        "doc": "/nix/store/l7bcjyprsmzdnrimjg8al47wsr4vsy6q-bash-interactive-5.3p9-doc",
        "info": "/nix/store/cad8ahawmbf12gvh0bq7sf9rjjwbfzg9-bash-interactive-5.3p9-info",
        "man": "/nix/store/87ljrnbjn8w6iqf3bzirh6wd7lpmhvzp-bash-interactive-5.3p9-man",
        "out": "/nix/store/f6lsdzsgbh5mxaaa91gykyi8mqmlzpr2-bash-interactive-5.3p9"
      },
      "system": "aarch64-linux",
      "group": "toplevel",
      "priority": 5
    },
    {
      "attr_path": "bashInteractive",
      "broken": false,
      "derivation": "/nix/store/s9b1a2zhv6l7x8ady5vfbj5kg8rkvznx-bash-interactive-5.3p9.drv",
      "description": "GNU Bourne-Again Shell, the de facto standard shell on Linux (for interactive use)",
      "install_id": "bashInteractive",
      "license": "GPL-3.0-or-later",
      "locked_url": "https://github.com/flox/nixpkgs?rev=4c1018dae018162ec878d42fec712642d214fdfa",
      "name": "bash-interactive-5.3p9",
      "pname": "bashInteractive",
      "rev": "4c1018dae018162ec878d42fec712642d214fdfa",
      "rev_count": 977467,
      "rev_date": "2026-04-09T04:48:10Z",
      "scrape_date": "2026-04-11T07:39:12.615262Z",
      "stabilities": [
        "unstable"
      ],
      "unfree": false,
      "version": "5.3p9",
      "outputs_to_install": [
        "man",
        "out",
        "out",
        "out"
      ],
      "outputs": {
        "debug": "/nix/store/h979dcfkxhswbsdqcwqbzynaqnz1n5a0-bash-interactive-5.3p9-debug",
        "dev": "/nix/store/832yrsfhq3z41zn9rqsvv0cv22mblv4c-bash-interactive-5.3p9-dev",
        "doc": "/nix/store/fy5pa2zv8g7l3v0nn6rpwib8nl4whdx1-bash-interactive-5.3p9-doc",
        "info": "/nix/store/p9lkzmrvl0wqjs4mjv87h5lqcypgrzbp-bash-interactive-5.3p9-info",
        "man": "/nix/store/lw0v8hggdjsqs9zpwwrxajcc4rbsmlfq-bash-interactive-5.3p9-man",
        "out": "/nix/store/sfvyavxai6qvzmv9p9x6mp4wwdz4v41m-bash-interactive-5.3p9"
      },
      "system": "x86_64-linux",
      "group": "toplevel",
      "priority": 5
    },
    {
      "attr_path": "bubblewrap",
      "broken": false,
      "derivation": "/nix/store/29dd6l0kb8s83yvsc1jx11iyh3pbk331-bubblewrap-0.11.0.drv",
      "description": "Unprivileged sandboxing tool",
      "install_id": "bubblewrap",
      "license": "LGPL-2.0-or-later",
      "locked_url": "https://github.com/flox/nixpkgs?rev=4c1018dae018162ec878d42fec712642d214fdfa",
      "name": "bubblewrap-0.11.0",
      "pname": "bubblewrap",
      "rev": "4c1018dae018162ec878d42fec712642d214fdfa",
      "rev_count": 977467,
      "rev_date": "2026-04-09T04:48:10Z",
      "scrape_date": "2026-04-11T06:34:58.638839Z",
      "stabilities": [
        "unstable"
      ],
      "unfree": false,
      "version": "0.11.0",
      "outputs_to_install": [
        "out",
        "out",
        "out"
      ],
      "outputs": {
        "dev": "/nix/store/gahfj90ml6hq5pbzdfy6wnsqy7klgnkh-bubblewrap-0.11.0-dev",
        "out": "/nix/store/kkpr0gfmv4x9g9lgd7d8qxlyibwnlxb3-bubblewrap-0.11.0"
      },
      "system": "aarch64-linux",
      "group": "toplevel",
      "priority": 5
    },
    {
      "attr_path": "bubblewrap",
      "broken": false,
      "derivation": "/nix/store/9vyldkqz22sjxjmdr3rx976fq50rpbjf-bubblewrap-0.11.0.drv",
      "description": "Unprivileged sandboxing tool",
      "install_id": "bubblewrap",
      "license": "LGPL-2.0-or-later",
      "locked_url": "https://github.com/flox/nixpkgs?rev=4c1018dae018162ec878d42fec712642d214fdfa",
      "name": "bubblewrap-0.11.0",
      "pname": "bubblewrap",
      "rev": "4c1018dae018162ec878d42fec712642d214fdfa",
      "rev_count": 977467,
      "rev_date": "2026-04-09T04:48:10Z",
      "scrape_date": "2026-04-11T07:39:12.786654Z",
      "stabilities": [
        "unstable"
      ],
      "unfree": false,
      "version": "0.11.0",
      "outputs_to_install": [
        "out",
        "out",
        "out"
      ],
      "outputs": {
        "dev": "/nix/store/5cra9hjwqr0970rcpyjfv8d946wby4xs-bubblewrap-0.11.0-dev",
        "out": "/nix/store/gr9l6ql3wg70idpqlqhnfdx81hak22c8-bubblewrap-0.11.0"
      },
      "system": "x86_64-linux",
      "group": "toplevel",
      "priority": 5
    },
    {
      "attr_path": "gcc",
      "broken": false,
      "derivation": "/nix/store/97y2g0zkxi71g1v6c0gi1wfgnginv2r0-gcc-wrapper-15.2.0.drv",
      "description": "GNU Compiler Collection, version 15.2.0 (wrapper script)",
      "install_id": "gcc",
      "license": "GPL-3.0-or-later",
      "locked_url": "https://github.com/flox/nixpkgs?rev=4c1018dae018162ec878d42fec712642d214fdfa",
      "name": "gcc-wrapper-15.2.0",
      "pname": "gcc",
      "rev": "4c1018dae018162ec878d42fec712642d214fdfa",
      "rev_count": 977467,
      "rev_date": "2026-04-09T04:48:10Z",
      "scrape_date": "2026-04-11T06:35:00.143992Z",
      "stabilities": [
        "unstable"
      ],
      "unfree": false,
      "version": "15.2.0",
      "outputs_to_install": [
        "man",
        "out",
        "out"
      ],
      "outputs": {
        "info": "/nix/store/zq0lwn9ai4q1jcfkrrc98cia15yp9zv2-gcc-wrapper-15.2.0-info",
        "man": "/nix/store/3sbhv99id58xjminaqr8m6dq1h6zvfcp-gcc-wrapper-15.2.0-man",
        "out": "/nix/store/waack2w5n0208w1qy7pxnwxbsq2n26vm-gcc-wrapper-15.2.0"
      },
      "system": "aarch64-linux",
      "group": "toplevel",
      "priority": 5
    },
    {
      "attr_path": "gcc",
      "broken": false,
      "derivation": "/nix/store/lsh3l4h6f89bxqgmx0jglc14cagfin9z-gcc-wrapper-15.2.0.drv",
      "description": "GNU Compiler Collection, version 15.2.0 (wrapper script)",
      "install_id": "gcc",
      "license": "GPL-3.0-or-later",
      "locked_url": "https://github.com/flox/nixpkgs?rev=4c1018dae018162ec878d42fec712642d214fdfa",
      "name": "gcc-wrapper-15.2.0",
      "pname": "gcc",
      "rev": "4c1018dae018162ec878d42fec712642d214fdfa",
      "rev_count": 977467,
      "rev_date": "2026-04-09T04:48:10Z",
      "scrape_date": "2026-04-11T07:39:14.354890Z",
      "stabilities": [
        "unstable"
      ],
      "unfree": false,
      "version": "15.2.0",
      "outputs_to_install": [
        "man",
        "out",
        "out"
      ],
      "outputs": {
        "info": "/nix/store/gzq6x9nsc2g1b4z0xlxnl3n8ahzcrgql-gcc-wrapper-15.2.0-info",
        "man": "/nix/store/n58glhbv7fnb3bqvbdh6ib7pv456cm4n-gcc-wrapper-15.2.0-man",
        "out": "/nix/store/hb2bs5fg5wkm04x565737qd5nh2hy5nk-gcc-wrapper-15.2.0"
      },
      "system": "x86_64-linux",
      "group": "toplevel",
      "priority": 5
    },
    {
      "attr_path": "libseccomp",
      "broken": false,
      "derivation": "/nix/store/3mscd36mapv4gi0ijvmrq14045s92vvx-libseccomp-2.6.0.drv",
      "description": "High level library for the Linux Kernel seccomp filter",
      "install_id": "libseccomp",
      "license": "LGPL-2.1-only",
      "locked_url": "https://github.com/flox/nixpkgs?rev=4c1018dae018162ec878d42fec712642d214fdfa",
      "name": "libseccomp-2.6.0",
      "pname": "libseccomp",
      "rev": "4c1018dae018162ec878d42fec712642d214fdfa",
      "rev_count": 977467,
      "rev_date": "2026-04-09T04:48:10Z",
      "scrape_date": "2026-04-11T06:35:25.057804Z",
      "stabilities": [
        "unstable"
      ],
      "unfree": false,
      "version": "2.6.0",
      "outputs_to_install": [
        "man",
        "out"
      ],
      "outputs": {
        "dev": "/nix/store/isjs0ayynk4yd3rr7fzhn34iw8vr61xc-libseccomp-2.6.0-dev",
        "lib": "/nix/store/v0agxcfab5jm5smq1cvcbnj6acqycy52-libseccomp-2.6.0-lib",
        "man": "/nix/store/2ilhw0hh8gilya0nqqv3dsd6j8mi774r-libseccomp-2.6.0-man",
        "out": "/nix/store/ba8sg4binyn7sci29a951fba0jb191x6-libseccomp-2.6.0",
        "pythonsrc": "/nix/store/wn0jq3i8d7fzv39yw1zxpvbcgvznmnrw-libseccomp-2.6.0-pythonsrc"
      },
      "system": "aarch64-linux",
      "group": "toplevel",
      "priority": 5
    },
    {
      "attr_path": "libseccomp",
      "broken": false,
      "derivation": "/nix/store/bcixfwdfgdsbk0yxls3gma2mxq1nlyhj-libseccomp-2.6.0.drv",
      "description": "High level library for the Linux Kernel seccomp filter",
      "install_id": "libseccomp",
      "license": "LGPL-2.1-only",
      "locked_url": "https://github.com/flox/nixpkgs?rev=4c1018dae018162ec878d42fec712642d214fdfa",
      "name": "libseccomp-2.6.0",
      "pname": "libseccomp",
      "rev": "4c1018dae018162ec878d42fec712642d214fdfa",
      "rev_count": 977467,
      "rev_date": "2026-04-09T04:48:10Z",
      "scrape_date": "2026-04-11T07:39:39.078515Z",
      "stabilities": [
        "unstable"
      ],
      "unfree": false,
      "version": "2.6.0",
      "outputs_to_install": [
        "man",
        "out"
      ],
      "outputs": {
        "dev": "/nix/store/w82cmnfsjrdjikkrhcfc10416hlzm6di-libseccomp-2.6.0-dev",
        "lib": "/nix/store/fgazg1ci420wj8sp0psjc4z9jlri293s-libseccomp-2.6.0-lib",
        "man": "/nix/store/3xmljzh6vgb5i25y2gai0q84xbdkn46z-libseccomp-2.6.0-man",
        "out": "/nix/store/gwaivxwybxjrnrb8qrl0zbndn2knkz31-libseccomp-2.6.0",
        "pythonsrc": "/nix/store/wgvpgn8m1c8l1gqk85d518f5bxmz0jns-libseccomp-2.6.0-pythonsrc"
      },
      "system": "x86_64-linux",
      "group": "toplevel",
      "priority": 5
    },
    {
      "attr_path": "perl",
      "broken": false,
      "derivation": "/nix/store/df7z6m9q8n4nkx3bnkfjdv56a4d7nd6m-perl-5.42.0.drv",
      "description": "Standard implementation of the Perl 5 programming language",
      "install_id": "perl",
      "license": "Artistic-1.0",
      "locked_url": "https://github.com/flox/nixpkgs?rev=4c1018dae018162ec878d42fec712642d214fdfa",
      "name": "perl-5.42.0",
      "pname": "perl",
      "rev": "4c1018dae018162ec878d42fec712642d214fdfa",
      "rev_count": 977467,
      "rev_date": "2026-04-09T04:48:10Z",
      "scrape_date": "2026-04-11T06:35:44.820726Z",
      "stabilities": [
        "unstable"
      ],
      "unfree": false,
      "version": "5.42.0",
      "outputs_to_install": [
        "man",
        "man",
        "out",
        "out",
        "out"
      ],
      "outputs": {
        "devdoc": "/nix/store/nwnz0rag3g7w454zgwv6aqi3mdrddjl5-perl-5.42.0-devdoc",
        "man": "/nix/store/546kzlhrwi552786hk8n30spx48646m4-perl-5.42.0-man",
        "out": "/nix/store/c7000ahf4zhq4k3h68gzqsqfzzr0nz20-perl-5.42.0"
      },
      "system": "aarch64-linux",
      "group": "toplevel",
      "priority": 5
    },
    {
      "attr_path": "perl",
      "broken": false,
      "derivation": "/nix/store/00grp8cra7wdqblb66h39bdrzv6br8sq-perl-5.42.0.drv",
      "description": "Standard implementation of the Perl 5 programming language",
      "install_id": "perl",
      "license": "Artistic-1.0",
      "locked_url": "https://github.com/flox/nixpkgs?rev=4c1018dae018162ec878d42fec712642d214fdfa",
      "name": "perl-5.42.0",
      "pname": "perl",
      "rev": "4c1018dae018162ec878d42fec712642d214fdfa",
      "rev_count": 977467,
      "rev_date": "2026-04-09T04:48:10Z",
      "scrape_date": "2026-04-11T07:40:01.447842Z",
      "stabilities": [
        "unstable"
      ],
      "unfree": false,
      "version": "5.42.0",
      "outputs_to_install": [
        "man",
        "man",
        "out",
        "out",
        "out"
      ],
      "outputs": {
        "devdoc": "/nix/store/g23yagyyn72gabllw2layi4xyki57cg6-perl-5.42.0-devdoc",
        "man": "/nix/store/chvmqqzf9wfsmipivrbr395ndfhh2haw-perl-5.42.0-man",
        "out": "/nix/store/phnk1lwy8xs0yrbrcs6l2mb9yr9c2knp-perl-5.42.0"
      },
      "system": "x86_64-linux",
      "group": "toplevel",
      "priority": 5
    },
    {
      "attr_path": "pkg-config",
      "broken": false,
      "derivation": "/nix/store/r0ibplv3qh6rzbsdjlrx56dxzijjrrjy-pkg-config-wrapper-0.29.2.drv",
      "description": "Tool that allows packages to find out information about other packages (wrapper script)",
      "install_id": "pkg-config",
      "license": "GPL-2.0-or-later",
      "locked_url": "https://github.com/flox/nixpkgs?rev=4c1018dae018162ec878d42fec712642d214fdfa",
      "name": "pkg-config-wrapper-0.29.2",
      "pname": "pkg-config",
      "rev": "4c1018dae018162ec878d42fec712642d214fdfa",
      "rev_count": 977467,
      "rev_date": "2026-04-09T04:48:10Z",
      "scrape_date": "2026-04-11T06:35:54.746115Z",
      "stabilities": [
        "unstable"
      ],
      "unfree": false,
      "version": "0.29.2",
      "outputs_to_install": [
        "man",
        "out",
        "out"
      ],
      "outputs": {
        "doc": "/nix/store/2lq06wb2lylkzp62iy6cdxf82mc6wyr3-pkg-config-wrapper-0.29.2-doc",
        "man": "/nix/store/akl65aihn0wi606lhp2mhwcv15cdirkm-pkg-config-wrapper-0.29.2-man",
        "out": "/nix/store/fs0gwnv2clqgf23rrlmy7hpdxxi8dipv-pkg-config-wrapper-0.29.2"
      },
      "system": "aarch64-linux",
      "group": "toplevel",
      "priority": 5
    },
    {
      "attr_path": "pkg-config",
      "broken": false,
      "derivation": "/nix/store/41c5s0jfm2ymy6zygf41mvww7lspjs59-pkg-config-wrapper-0.29.2.drv",
      "description": "Tool that allows packages to find out information about other packages (wrapper script)",
      "install_id": "pkg-config",
      "license": "GPL-2.0-or-later",
      "locked_url": "https://github.com/flox/nixpkgs?rev=4c1018dae018162ec878d42fec712642d214fdfa",
      "name": "pkg-config-wrapper-0.29.2",
      "pname": "pkg-config",
      "rev": "4c1018dae018162ec878d42fec712642d214fdfa",
      "rev_count": 977467,
      "rev_date": "2026-04-09T04:48:10Z",
      "scrape_date": "2026-04-11T07:40:12.232244Z",
      "stabilities": [
        "unstable"
      ],
      "unfree": false,
      "version": "0.29.2",
      "outputs_to_install": [
        "man",
        "out",
        "out"
      ],
      "outputs": {
        "doc": "/nix/store/ipyf6xmsjhs0nrl5vpmgwrxl94sp31b1-pkg-config-wrapper-0.29.2-doc",
        "man": "/nix/store/mqbmjcz3vv9gzaffi1bcpmwci9nkhq87-pkg-config-wrapper-0.29.2-man",
        "out": "/nix/store/d0immrndpxnhx32vcfbxngmnf7hmqyc3-pkg-config-wrapper-0.29.2"
      },
      "system": "x86_64-linux",
      "group": "toplevel",
      "priority": 5
    },
    {
      "attr_path": "shellcheck",
      "broken": false,
      "derivation": "/nix/store/dmplwdwisp5hipyskcgq9fjlrxcvfqnj-shellcheck-0.11.0.drv",
      "description": "Shell script analysis tool",
      "install_id": "shellcheck",
      "license": "GPL-3.0-only",
      "locked_url": "https://github.com/flox/nixpkgs?rev=4c1018dae018162ec878d42fec712642d214fdfa",
      "name": "shellcheck-0.11.0",
      "pname": "shellcheck",
      "rev": "4c1018dae018162ec878d42fec712642d214fdfa",
      "rev_count": 977467,
      "rev_date": "2026-04-09T04:48:10Z",
      "scrape_date": "2026-04-11T06:37:18.717486Z",
      "stabilities": [
        "unstable"
      ],
      "unfree": false,
      "version": "0.11.0",
      "outputs_to_install": [
        "bin",
        "doc",
        "man"
      ],
      "outputs": {
        "bin": "/nix/store/bk0vqy5k73b33pw1v14h36ggryw58xv7-shellcheck-0.11.0-bin",
        "doc": "/nix/store/m0wpbhrx3530lxxf97agz29zgm3gshrd-shellcheck-0.11.0-doc",
        "man": "/nix/store/ak8np2nraqbca7aswb196dqs668ihsry-shellcheck-0.11.0-man",
        "out": "/nix/store/ghcxwch9q3fazz3mz9rbrsyzq422jfyc-shellcheck-0.11.0"
      },
      "system": "aarch64-linux",
      "group": "toplevel",
      "priority": 5
    },
    {
      "attr_path": "shellcheck",
      "broken": false,
      "derivation": "/nix/store/rf1yiv12fh2r6b8n46s0fj27rmnar8nv-shellcheck-0.11.0.drv",
      "description": "Shell script analysis tool",
      "install_id": "shellcheck",
      "license": "GPL-3.0-only",
      "locked_url": "https://github.com/flox/nixpkgs?rev=4c1018dae018162ec878d42fec712642d214fdfa",
      "name": "shellcheck-0.11.0",
      "pname": "shellcheck",
      "rev": "4c1018dae018162ec878d42fec712642d214fdfa",
      "rev_count": 977467,
      "rev_date": "2026-04-09T04:48:10Z",
      "scrape_date": "2026-04-11T07:41:41.045078Z",
      "stabilities": [
        "unstable"
      ],
      "unfree": false,
      "version": "0.11.0",
      "outputs_to_install": [
        "bin",
        "doc",
        "man"
      ],
      "outputs": {
        "bin": "/nix/store/iszqxdn46psh4crvly6zp7wrp00p3lw5-shellcheck-0.11.0-bin",
        "doc": "/nix/store/h1ggss2gsrd5xq1yi45ww56yab1lzsif-shellcheck-0.11.0-doc",
        "man": "/nix/store/srqizsdkqrly5idxqb06qhx6x9fm9r6s-shellcheck-0.11.0-man",
        "out": "/nix/store/mjdmyvxyv3pvk542rz8a3bcjm0q1rysx-shellcheck-0.11.0"
      },
      "system": "x86_64-linux",
      "group": "toplevel",
      "priority": 5
    }
  ]
}
